{
  "name": "ai-error-solution",
  "version": "1.1.1",
  "lockfileVersion": 3,
  "requires": true,
  "packages": {
    "": {
      "name": "ai-error-solution",
      "version": "1.1.1",
      "license": "MIT",
      "dependencies": {
        "ai-error-solution": "^1.0.0"
      },
      "engines": {
        "node": ">=18.0.0"
      }
    },
    "node_modules/ai-error-solution": {
      "version": "1.0.0",
      "resolved": "https://registry.npmjs.org/ai-error-solution/-/ai-error-solution-1.0.0.tgz",
      "integrity": "sha512-PoQ0Jz0UcoxC0CwTw4zOar4TJWVl9nFw6sHNmQeuOU4zBRtlfcvGMWJCjHEmQMBQNLpGLerfUEYOfrSl5Vk5kA==",
      "license": "MIT",
      "engines": {
        "node": ">=18.0.0"
      }
    }
  }
}
